{
  "pins" : [
    {
      "identity" : "agcore",
      "kind" : "remoteSourceControl",
      "location" : "https://github.com/antokne/AGCore",
      "state" : {
        "branch" : "develop",
        "revision" : "7891bb91bc242eb6184e4d6a5c0a2e1566b75912"
      }
    },
    {
      "identity" : "sfsmonitor",
      "kind" : "remoteSourceControl",
      "location" : "https://github.com/ClassicalDude/SFSMonitor.git",
      "state" : {
        "branch" : "master",
        "revision" : "b221b6a8ea7d521b0b35da60b60c67ac3f6c08cd"
      }
    }
  ],
  "version" : 2
}
